
Microsoft Visual Studio Solution File, Format Version 12.00
# Visual Studio Version 17
VisualStudioVersion = 17.3.32804.467
MinimumVisualStudioVersion = 10.0.40219.1
Project("{9A19103F-16F7-4668-BE54-9A1E7A4F7556}") = "MultiTenant.App", "MultiTenant.App\MultiTenant.App.csproj", "{A2DED612-4EE5-498C-9455-77A630F6008C}"
EndProject
Project("{FAE04EC0-301F-11D3-BF4B-00C04F79EFBC}") = "MultiTenant.Core", "MultiTenant.Core\MultiTenant.Core.csproj", "{5100D808-8656-40D6-8930-32C1FC9B51B0}"
EndProject
Project("{FAE04EC0-301F-11D3-BF4B-00C04F79EFBC}") = "MultiTenant.Repository", "MultiTenant.Repository\MultiTenant.Repository.csproj", "{476CCB8C-CE75-497F-8B18-96A3CA3FE891}"
EndProject
Global
	GlobalSection(SolutionConfigurationPlatforms) = preSolution
		Debug|Any CPU = Debug|Any CPU
		Release|Any CPU = Release|Any CPU
	EndGlobalSection
	GlobalSection(ProjectConfigurationPlatforms) = postSolution
		{A2DED612-4EE5-498C-9455-77A630F6008C}.Debug|Any CPU.ActiveCfg = Debug|Any CPU
		{A2DED612-4EE5-498C-9455-77A630F6008C}.Debug|Any CPU.Build.0 = Debug|Any CPU
		{A2DED612-4EE5-498C-9455-77A630F6008C}.Release|Any CPU.ActiveCfg = Release|Any CPU
		{A2DED612-4EE5-498C-9455-77A630F6008C}.Release|Any CPU.Build.0 = Release|Any CPU
		{5100D808-8656-40D6-8930-32C1FC9B51B0}.Debug|Any CPU.ActiveCfg = Debug|Any CPU
		{5100D808-8656-40D6-8930-32C1FC9B51B0}.Debug|Any CPU.Build.0 = Debug|Any CPU
		{5100D808-8656-40D6-8930-32C1FC9B51B0}.Release|Any CPU.ActiveCfg = Release|Any CPU
		{5100D808-8656-40D6-8930-32C1FC9B51B0}.Release|Any CPU.Build.0 = Release|Any CPU
		{476CCB8C-CE75-497F-8B18-96A3CA3FE891}.Debug|Any CPU.ActiveCfg = Debug|Any CPU
		{476CCB8C-CE75-497F-8B18-96A3CA3FE891}.Debug|Any CPU.Build.0 = Debug|Any CPU
		{476CCB8C-CE75-497F-8B18-96A3CA3FE891}.Release|Any CPU.ActiveCfg = Release|Any CPU
		{476CCB8C-CE75-497F-8B18-96A3CA3FE891}.Release|Any CPU.Build.0 = Release|Any CPU
	EndGlobalSection
	GlobalSection(SolutionProperties) = preSolution
		HideSolutionNode = FALSE
	EndGlobalSection
	GlobalSection(ExtensibilityGlobals) = postSolution
		SolutionGuid = {C588B178-6B91-4468-A037-6F4A6EB9AA05}
	EndGlobalSection
EndGlobal
